
Microsoft Visual Studio Solution File, Format Version 12.00
# Visual Studio Version 16
VisualStudioVersion = 16.0.30804.86
MinimumVisualStudioVersion = 10.0.40219.1
Project("{FAE04EC0-301F-11D3-BF4B-00C04F79EFBC}") = "Narzędzie diagnostyczne karty sieciowej", "Narzędzie diagnostyczne karty sieciowej\Narzędzie diagnostyczne karty sieciowej.csproj", "{95B9449A-F2A1-43CC-8A80-E078E5C9DE78}"
EndProject
Global
	GlobalSection(SolutionConfigurationPlatforms) = preSolution
		Debug|Any CPU = Debug|Any CPU
		Release|Any CPU = Release|Any CPU
	EndGlobalSection
	GlobalSection(ProjectConfigurationPlatforms) = postSolution
		{95B9449A-F2A1-43CC-8A80-E078E5C9DE78}.Debug|Any CPU.ActiveCfg = Debug|Any CPU
		{95B9449A-F2A1-43CC-8A80-E078E5C9DE78}.Debug|Any CPU.Build.0 = Debug|Any CPU
		{95B9449A-F2A1-43CC-8A80-E078E5C9DE78}.Release|Any CPU.ActiveCfg = Release|Any CPU
		{95B9449A-F2A1-43CC-8A80-E078E5C9DE78}.Release|Any CPU.Build.0 = Release|Any CPU
	EndGlobalSection
	GlobalSection(SolutionProperties) = preSolution
		HideSolutionNode = FALSE
	EndGlobalSection
	GlobalSection(ExtensibilityGlobals) = postSolution
		SolutionGuid = {F7320789-4FCB-4DB7-A742-877345E3D734}
	EndGlobalSection
EndGlobal
